
Microsoft Visual Studio Solution File, Format Version 12.00
# Visual Studio Version 17
VisualStudioVersion = 17.9.34728.123
MinimumVisualStudioVersion = 10.0.40219.1
Project("{2150E333-8FDC-42A3-9474-1A3956D46DE8}") = "Core", "Core", "{819E5EA1-C3C4-48DD-9A52-F949CA5D16D8}"
EndProject
Project("{2150E333-8FDC-42A3-9474-1A3956D46DE8}") = "Application", "Application", "{B5B8D621-3F81-4695-8DE8-1B81130B50B8}"
EndProject
Project("{2150E333-8FDC-42A3-9474-1A3956D46DE8}") = "Domain", "Domain", "{05E5DF60-8FE6-48E1-AAA7-A367D8C13803}"
EndProject
Project("{2150E333-8FDC-42A3-9474-1A3956D46DE8}") = "Adapters", "Adapters", "{E9BD883D-B0AA-4C52-A00E-BF1808CF6162}"
EndProject
Project("{2150E333-8FDC-42A3-9474-1A3956D46DE8}") = "Driven", "Driven", "{6C1782DC-326B-47A6-AF2A-46B83DE3B31E}"
EndProject
Project("{2150E333-8FDC-42A3-9474-1A3956D46DE8}") = "Drivers", "Drivers", "{E38B4D5B-1A52-4AC4-9C35-093A0CBAC615}"
EndProject
Project("{2150E333-8FDC-42A3-9474-1A3956D46DE8}") = "Crosscutting", "Crosscutting", "{AC213CC5-37D3-41AB-80DA-43C4DC7B6F07}"
EndProject
Project("{FAE04EC0-301F-11D3-BF4B-00C04F79EFBC}") = "TaskFlow.ORM", "TaskFlow.ORM\TaskFlow.ORM.csproj", "{75A42ED6-AC3E-45E2-B643-C5A913C2E939}"
EndProject
Project("{FAE04EC0-301F-11D3-BF4B-00C04F79EFBC}") = "TaskFlow.WebApi", "TaskFlow.API\TaskFlow.WebApi.csproj", "{565B2B9E-A40B-4DE1-9B26-3ECC86126AFB}"
EndProject
Project("{FAE04EC0-301F-11D3-BF4B-00C04F79EFBC}") = "TaskFlow.Application", "TaskFlow.Application\TaskFlow.Application.csproj", "{D0C5720C-48FF-46F4-B62E-0C1ADA681F00}"
EndProject
Project("{FAE04EC0-301F-11D3-BF4B-00C04F79EFBC}") = "TaskFlow.Domain", "TaskFlow.Domain\TaskFlow.Domain.csproj", "{7A7E01CD-2BC7-4073-8E32-987E291CC8EC}"
EndProject
Project("{FAE04EC0-301F-11D3-BF4B-00C04F79EFBC}") = "TaskFlow.Common", "TaskFlow.Commom\TaskFlow.Common.csproj", "{207239F3-3C97-4639-B86D-800E2349940A}"
EndProject
Project("{FAE04EC0-301F-11D3-BF4B-00C04F79EFBC}") = "TaskFlow.IoC", "TaskFlow.IoC\TaskFlow.IoC.csproj", "{C72D130E-8530-4C4A-AF5F-4F5C64EB7E1D}"
EndProject
Project("{2150E333-8FDC-42A3-9474-1A3956D46DE8}") = "Tests", "Tests", "{C51D504B-1D33-4414-8380-CB3C300D4EFF}"
EndProject
Project("{2150E333-8FDC-42A3-9474-1A3956D46DE8}") = "Unit", "Unit", "{05AA1A03-C3DE-4496-9966-B12474DF0F89}"
EndProject
Project("{2150E333-8FDC-42A3-9474-1A3956D46DE8}") = "Functional", "Functional", "{22AE910F-2DF3-4AEA-9357-8EA3679C3D4E}"
EndProject
Project("{2150E333-8FDC-42A3-9474-1A3956D46DE8}") = "Integration", "Integration", "{9C0F98D2-D1F3-4DB8-9B6B-1EB81E38AC72}"
EndProject
Global
	GlobalSection(SolutionConfigurationPlatforms) = preSolution
		Debug|Any CPU = Debug|Any CPU
		Release|Any CPU = Release|Any CPU
	EndGlobalSection
	GlobalSection(ProjectConfigurationPlatforms) = postSolution
		{75A42ED6-AC3E-45E2-B643-C5A913C2E939}.Debug|Any CPU.ActiveCfg = Debug|Any CPU
		{75A42ED6-AC3E-45E2-B643-C5A913C2E939}.Debug|Any CPU.Build.0 = Debug|Any CPU
		{75A42ED6-AC3E-45E2-B643-C5A913C2E939}.Release|Any CPU.ActiveCfg = Release|Any CPU
		{75A42ED6-AC3E-45E2-B643-C5A913C2E939}.Release|Any CPU.Build.0 = Release|Any CPU
		{565B2B9E-A40B-4DE1-9B26-3ECC86126AFB}.Debug|Any CPU.ActiveCfg = Debug|Any CPU
		{565B2B9E-A40B-4DE1-9B26-3ECC86126AFB}.Debug|Any CPU.Build.0 = Debug|Any CPU
		{565B2B9E-A40B-4DE1-9B26-3ECC86126AFB}.Release|Any CPU.ActiveCfg = Release|Any CPU
		{565B2B9E-A40B-4DE1-9B26-3ECC86126AFB}.Release|Any CPU.Build.0 = Release|Any CPU
		{D0C5720C-48FF-46F4-B62E-0C1ADA681F00}.Debug|Any CPU.ActiveCfg = Debug|Any CPU
		{D0C5720C-48FF-46F4-B62E-0C1ADA681F00}.Debug|Any CPU.Build.0 = Debug|Any CPU
		{D0C5720C-48FF-46F4-B62E-0C1ADA681F00}.Release|Any CPU.ActiveCfg = Release|Any CPU
		{D0C5720C-48FF-46F4-B62E-0C1ADA681F00}.Release|Any CPU.Build.0 = Release|Any CPU
		{7A7E01CD-2BC7-4073-8E32-987E291CC8EC}.Debug|Any CPU.ActiveCfg = Debug|Any CPU
		{7A7E01CD-2BC7-4073-8E32-987E291CC8EC}.Debug|Any CPU.Build.0 = Debug|Any CPU
		{7A7E01CD-2BC7-4073-8E32-987E291CC8EC}.Release|Any CPU.ActiveCfg = Release|Any CPU
		{7A7E01CD-2BC7-4073-8E32-987E291CC8EC}.Release|Any CPU.Build.0 = Release|Any CPU
		{207239F3-3C97-4639-B86D-800E2349940A}.Debug|Any CPU.ActiveCfg = Debug|Any CPU
		{207239F3-3C97-4639-B86D-800E2349940A}.Debug|Any CPU.Build.0 = Debug|Any CPU
		{207239F3-3C97-4639-B86D-800E2349940A}.Release|Any CPU.ActiveCfg = Release|Any CPU
		{207239F3-3C97-4639-B86D-800E2349940A}.Release|Any CPU.Build.0 = Release|Any CPU
		{C72D130E-8530-4C4A-AF5F-4F5C64EB7E1D}.Debug|Any CPU.ActiveCfg = Debug|Any CPU
		{C72D130E-8530-4C4A-AF5F-4F5C64EB7E1D}.Debug|Any CPU.Build.0 = Debug|Any CPU
		{C72D130E-8530-4C4A-AF5F-4F5C64EB7E1D}.Release|Any CPU.ActiveCfg = Release|Any CPU
		{C72D130E-8530-4C4A-AF5F-4F5C64EB7E1D}.Release|Any CPU.Build.0 = Release|Any CPU
	EndGlobalSection
	GlobalSection(SolutionProperties) = preSolution
		HideSolutionNode = FALSE
	EndGlobalSection
	GlobalSection(NestedProjects) = preSolution
		{B5B8D621-3F81-4695-8DE8-1B81130B50B8} = {819E5EA1-C3C4-48DD-9A52-F949CA5D16D8}
		{05E5DF60-8FE6-48E1-AAA7-A367D8C13803} = {819E5EA1-C3C4-48DD-9A52-F949CA5D16D8}
		{6C1782DC-326B-47A6-AF2A-46B83DE3B31E} = {E9BD883D-B0AA-4C52-A00E-BF1808CF6162}
		{E38B4D5B-1A52-4AC4-9C35-093A0CBAC615} = {E9BD883D-B0AA-4C52-A00E-BF1808CF6162}
		{75A42ED6-AC3E-45E2-B643-C5A913C2E939} = {6C1782DC-326B-47A6-AF2A-46B83DE3B31E}
		{565B2B9E-A40B-4DE1-9B26-3ECC86126AFB} = {E38B4D5B-1A52-4AC4-9C35-093A0CBAC615}
		{D0C5720C-48FF-46F4-B62E-0C1ADA681F00} = {B5B8D621-3F81-4695-8DE8-1B81130B50B8}
		{7A7E01CD-2BC7-4073-8E32-987E291CC8EC} = {05E5DF60-8FE6-48E1-AAA7-A367D8C13803}
		{207239F3-3C97-4639-B86D-800E2349940A} = {AC213CC5-37D3-41AB-80DA-43C4DC7B6F07}
		{C72D130E-8530-4C4A-AF5F-4F5C64EB7E1D} = {AC213CC5-37D3-41AB-80DA-43C4DC7B6F07}
		{05AA1A03-C3DE-4496-9966-B12474DF0F89} = {C51D504B-1D33-4414-8380-CB3C300D4EFF}
		{22AE910F-2DF3-4AEA-9357-8EA3679C3D4E} = {C51D504B-1D33-4414-8380-CB3C300D4EFF}
		{9C0F98D2-D1F3-4DB8-9B6B-1EB81E38AC72} = {C51D504B-1D33-4414-8380-CB3C300D4EFF}
	EndGlobalSection
	GlobalSection(ExtensibilityGlobals) = postSolution
		SolutionGuid = {8CDC942F-47AE-4D95-A01C-9C684C081E98}
	EndGlobalSection
EndGlobal
